{
  "name": "online-judge",
  "lockfileVersion": 3,
  "requires": true,
  "packages": {
    "": {
      "dependencies": {
        "tailwind-merge": "^2.5.3"
      }
    },
    "node_modules/tailwind-merge": {
      "version": "2.5.3",
      "resolved": "https://registry.npmjs.org/tailwind-merge/-/tailwind-merge-2.5.3.tgz",
      "integrity": "sha512-d9ZolCAIzom1nf/5p4LdD5zvjmgSxY0BGgdSvmXIoMYAiPdAW/dSpP7joCDYFY7r/HkEa2qmPtkgsu0xjQeQtw==",
      "license": "MIT",
      "funding": {
        "type": "github",
        "url": "https://github.com/sponsors/dcastil"
      }
    }
  }
}
